
Microsoft Visual Studio Solution File, Format Version 12.00
# Visual Studio Version 17
VisualStudioVersion = 17.14.36202.13 d17.14
MinimumVisualStudioVersion = 10.0.40219.1
Project("{888888A0-9F3D-457C-B088-3A5042F75D52}") = "mini-erp-alFassih", "mini-erp-alFassih\mini-erp-alFassih.pyproj", "{2374B601-1AFD-4A33-B566-CBB34A66D63C}"
EndProject
Global
	GlobalSection(SolutionConfigurationPlatforms) = preSolution
		Debug|Any CPU = Debug|Any CPU
		Release|Any CPU = Release|Any CPU
	EndGlobalSection
	GlobalSection(ProjectConfigurationPlatforms) = postSolution
		{2374B601-1AFD-4A33-B566-CBB34A66D63C}.Debug|Any CPU.ActiveCfg = Debug|Any CPU
		{2374B601-1AFD-4A33-B566-CBB34A66D63C}.Debug|Any CPU.Build.0 = Debug|Any CPU
		{2374B601-1AFD-4A33-B566-CBB34A66D63C}.Release|Any CPU.ActiveCfg = Release|Any CPU
		{2374B601-1AFD-4A33-B566-CBB34A66D63C}.Release|Any CPU.Build.0 = Release|Any CPU
	EndGlobalSection
	GlobalSection(SolutionProperties) = preSolution
		HideSolutionNode = FALSE
	EndGlobalSection
	GlobalSection(ExtensibilityGlobals) = postSolution
		SolutionGuid = {B2F5CB86-71A5-413C-B5E3-89175698BAE0}
	EndGlobalSection
EndGlobal
